
Microsoft Visual Studio Solution File, Format Version 12.00
# Visual Studio 14
VisualStudioVersion = 14.0.23107.0
MinimumVisualStudioVersion = 10.0.40219.1
Project("{FAE04EC0-301F-11D3-BF4B-00C04F79EFBC}") = "MarchingSquares", "MarchingSquares.csproj", "{8D7E7D8B-A440-45DE-8524-F0F85519124B}"
EndProject
Global
	GlobalSection(SolutionConfigurationPlatforms) = preSolution
		Debug|Any CPU = Debug|Any CPU
		Release|Any CPU = Release|Any CPU
	EndGlobalSection
	GlobalSection(ProjectConfigurationPlatforms) = postSolution
		{8D7E7D8B-A440-45DE-8524-F0F85519124B}.Debug|Any CPU.ActiveCfg = Debug|Any CPU
		{8D7E7D8B-A440-45DE-8524-F0F85519124B}.Debug|Any CPU.Build.0 = Debug|Any CPU
		{8D7E7D8B-A440-45DE-8524-F0F85519124B}.Release|Any CPU.ActiveCfg = Release|Any CPU
		{8D7E7D8B-A440-45DE-8524-F0F85519124B}.Release|Any CPU.Build.0 = Release|Any CPU
	EndGlobalSection
	GlobalSection(SolutionProperties) = preSolution
		HideSolutionNode = FALSE
	EndGlobalSection
EndGlobal
